// !$*UTF8*$!
{
	archiveVersion = 1;
	classes = {
	};
	objectVersion = 56;
	objects = {

/* Begin PBXBuildFile section */
		370F56342967DF930092E594 /* AppDelegate.swift in Sources */ = {isa = PBXBuildFile; fileRef = 370F56332967DF930092E594 /* AppDelegate.swift */; };
		370F56362967DF930092E594 /* SceneDelegate.swift in Sources */ = {isa = PBXBuildFile; fileRef = 370F56352967DF930092E594 /* SceneDelegate.swift */; };
		370F56382967DF930092E594 /* BaseViewController.swift in Sources */ = {isa = PBXBuildFile; fileRef = 370F56372967DF930092E594 /* BaseViewController.swift */; };
		370F563B2967DF930092E594 /* Main.storyboard in Resources */ = {isa = PBXBuildFile; fileRef = 370F56392967DF930092E594 /* Main.storyboard */; };
		370F563D2967DF940092E594 /* Assets.xcassets in Resources */ = {isa = PBXBuildFile; fileRef = 370F563C2967DF940092E594 /* Assets.xcassets */; };
		370F56402967DF940092E594 /* LaunchScreen.storyboard in Resources */ = {isa = PBXBuildFile; fileRef = 370F563E2967DF940092E594 /* LaunchScreen.storyboard */; };
		370F56482967EF8E0092E594 /* TabBarController.swift in Sources */ = {isa = PBXBuildFile; fileRef = 370F56472967EF8E0092E594 /* TabBarController.swift */; };
		370F56512967FB530092E594 /* UIImage+Ext.swift in Sources */ = {isa = PBXBuildFile; fileRef = 370F56502967FB530092E594 /* UIImage+Ext.swift */; };
		370F565329690ADE0092E594 /* UIColor+Ext.swift in Sources */ = {isa = PBXBuildFile; fileRef = 370F565229690ADE0092E594 /* UIColor+Ext.swift */; };
		370F565729690BB80092E594 /* FriendsViewController.swift in Sources */ = {isa = PBXBuildFile; fileRef = 370F565629690BB80092E594 /* FriendsViewController.swift */; };
		370F565929690F280092E594 /* User.swift in Sources */ = {isa = PBXBuildFile; fileRef = 370F565829690F280092E594 /* User.swift */; };
		370F565B29690FBC0092E594 /* Friend.swift in Sources */ = {isa = PBXBuildFile; fileRef = 370F565A29690FBC0092E594 /* Friend.swift */; };
		370F565E2969116D0092E594 /* DataManager.swift in Sources */ = {isa = PBXBuildFile; fileRef = 370F565D2969116D0092E594 /* DataManager.swift */; };
		370F566229691F950092E594 /* HTTPClient.swift in Sources */ = {isa = PBXBuildFile; fileRef = 370F566129691F950092E594 /* HTTPClient.swift */; };
		370F56652969296C0092E594 /* FriendViewModel.swift in Sources */ = {isa = PBXBuildFile; fileRef = 370F56642969296C0092E594 /* FriendViewModel.swift */; };
		370F5667296929D30092E594 /* Observable.swift in Sources */ = {isa = PBXBuildFile; fileRef = 370F5666296929D30092E594 /* Observable.swift */; };
		370F566F29698E860092E594 /* NoFriendsCell.swift in Sources */ = {isa = PBXBuildFile; fileRef = 370F566D29698E860092E594 /* NoFriendsCell.swift */; };
		370F567029698E860092E594 /* NoFriendsCell.xib in Resources */ = {isa = PBXBuildFile; fileRef = 370F566E29698E860092E594 /* NoFriendsCell.xib */; };
		370F5674296994830092E594 /* UITableView+Ext.swift in Sources */ = {isa = PBXBuildFile; fileRef = 370F5673296994830092E594 /* UITableView+Ext.swift */; };
		370F56762969990A0092E594 /* UILabel+Ext.swift in Sources */ = {isa = PBXBuildFile; fileRef = 370F56752969990A0092E594 /* UILabel+Ext.swift */; };
		370F567829699C5B0092E594 /* UIView+Ext.swift in Sources */ = {isa = PBXBuildFile; fileRef = 370F567729699C5B0092E594 /* UIView+Ext.swift */; };
/* End PBXBuildFile section */

/* Begin PBXFileReference section */
		370F56302967DF930092E594 /* KokoInterview.app */ = {isa = PBXFileReference; explicitFileType = wrapper.application; includeInIndex = 0; path = KokoInterview.app; sourceTree = BUILT_PRODUCTS_DIR; };
		370F56332967DF930092E594 /* AppDelegate.swift */ = {isa = PBXFileReference; lastKnownFileType = sourcecode.swift; path = AppDelegate.swift; sourceTree = "<group>"; };
		370F56352967DF930092E594 /* SceneDelegate.swift */ = {isa = PBXFileReference; lastKnownFileType = sourcecode.swift; path = SceneDelegate.swift; sourceTree = "<group>"; };
		370F56372967DF930092E594 /* BaseViewController.swift */ = {isa = PBXFileReference; lastKnownFileType = sourcecode.swift; path = BaseViewController.swift; sourceTree = "<group>"; };
		370F563A2967DF930092E594 /* Base */ = {isa = PBXFileReference; lastKnownFileType = file.storyboard; name = Base; path = Base.lproj/Main.storyboard; sourceTree = "<group>"; };
		370F563C2967DF940092E594 /* Assets.xcassets */ = {isa = PBXFileReference; lastKnownFileType = folder.assetcatalog; path = Assets.xcassets; sourceTree = "<group>"; };
		370F563F2967DF940092E594 /* Base */ = {isa = PBXFileReference; lastKnownFileType = file.storyboard; name = Base; path = Base.lproj/LaunchScreen.storyboard; sourceTree = "<group>"; };
		370F56412967DF940092E594 /* Info.plist */ = {isa = PBXFileReference; lastKnownFileType = text.plist.xml; path = Info.plist; sourceTree = "<group>"; };
		370F56472967EF8E0092E594 /* TabBarController.swift */ = {isa = PBXFileReference; lastKnownFileType = sourcecode.swift; path = TabBarController.swift; sourceTree = "<group>"; };
		370F56502967FB530092E594 /* UIImage+Ext.swift */ = {isa = PBXFileReference; lastKnownFileType = sourcecode.swift; path = "UIImage+Ext.swift"; sourceTree = "<group>"; };
		370F565229690ADE0092E594 /* UIColor+Ext.swift */ = {isa = PBXFileReference; lastKnownFileType = sourcecode.swift; path = "UIColor+Ext.swift"; sourceTree = "<group>"; };
		370F565629690BB80092E594 /* FriendsViewController.swift */ = {isa = PBXFileReference; lastKnownFileType = sourcecode.swift; path = FriendsViewController.swift; sourceTree = "<group>"; };
		370F565829690F280092E594 /* User.swift */ = {isa = PBXFileReference; lastKnownFileType = sourcecode.swift; path = User.swift; sourceTree = "<group>"; };
		370F565A29690FBC0092E594 /* Friend.swift */ = {isa = PBXFileReference; lastKnownFileType = sourcecode.swift; path = Friend.swift; sourceTree = "<group>"; };
		370F565D2969116D0092E594 /* DataManager.swift */ = {isa = PBXFileReference; lastKnownFileType = sourcecode.swift; path = DataManager.swift; sourceTree = "<group>"; };
		370F566129691F950092E594 /* HTTPClient.swift */ = {isa = PBXFileReference; lastKnownFileType = sourcecode.swift; path = HTTPClient.swift; sourceTree = "<group>"; };
		370F56642969296C0092E594 /* FriendViewModel.swift */ = {isa = PBXFileReference; lastKnownFileType = sourcecode.swift; path = FriendViewModel.swift; sourceTree = "<group>"; };
		370F5666296929D30092E594 /* Observable.swift */ = {isa = PBXFileReference; lastKnownFileType = sourcecode.swift; path = Observable.swift; sourceTree = "<group>"; };
		370F566D29698E860092E594 /* NoFriendsCell.swift */ = {isa = PBXFileReference; lastKnownFileType = sourcecode.swift; path = NoFriendsCell.swift; sourceTree = "<group>"; };
		370F566E29698E860092E594 /* NoFriendsCell.xib */ = {isa = PBXFileReference; lastKnownFileType = file.xib; path = NoFriendsCell.xib; sourceTree = "<group>"; };
		370F5673296994830092E594 /* UITableView+Ext.swift */ = {isa = PBXFileReference; lastKnownFileType = sourcecode.swift; path = "UITableView+Ext.swift"; sourceTree = "<group>"; };
		370F56752969990A0092E594 /* UILabel+Ext.swift */ = {isa = PBXFileReference; lastKnownFileType = sourcecode.swift; path = "UILabel+Ext.swift"; sourceTree = "<group>"; };
		370F567729699C5B0092E594 /* UIView+Ext.swift */ = {isa = PBXFileReference; lastKnownFileType = sourcecode.swift; path = "UIView+Ext.swift"; sourceTree = "<group>"; };
/* End PBXFileReference section */

/* Begin PBXFrameworksBuildPhase section */
		370F562D2967DF930092E594 /* Frameworks */ = {
			isa = PBXFrameworksBuildPhase;
			buildActionMask = 2147483647;
			files = (
			);
			runOnlyForDeploymentPostprocessing = 0;
		};
/* End PBXFrameworksBuildPhase section */

/* Begin PBXGroup section */
		370F56272967DF930092E594 = {
			isa = PBXGroup;
			children = (
				370F56322967DF930092E594 /* KokoInterview */,
				370F56312967DF930092E594 /* Products */,
			);
			sourceTree = "<group>";
		};
		370F56312967DF930092E594 /* Products */ = {
			isa = PBXGroup;
			children = (
				370F56302967DF930092E594 /* KokoInterview.app */,
			);
			name = Products;
			sourceTree = "<group>";
		};
		370F56322967DF930092E594 /* KokoInterview */ = {
			isa = PBXGroup;
			children = (
				370F564F2967FB290092E594 /* Extension */,
				370F565C296910450092E594 /* Model */,
				370F564D2967FB100092E594 /* View */,
				370F56632969294C0092E594 /* ViewModel */,
				370F56332967DF930092E594 /* AppDelegate.swift */,
				370F56352967DF930092E594 /* SceneDelegate.swift */,
				370F563C2967DF940092E594 /* Assets.xcassets */,
				370F56412967DF940092E594 /* Info.plist */,
			);
			path = KokoInterview;
			sourceTree = "<group>";
		};
		370F564D2967FB100092E594 /* View */ = {
			isa = PBXGroup;
			children = (
				370F566A29698D3F0092E594 /* Cells */,
				370F563E2967DF940092E594 /* LaunchScreen.storyboard */,
				370F56392967DF930092E594 /* Main.storyboard */,
				370F565429690B9B0092E594 /* Controllers */,
			);
			path = View;
			sourceTree = "<group>";
		};
		370F564F2967FB290092E594 /* Extension */ = {
			isa = PBXGroup;
			children = (
				370F56502967FB530092E594 /* UIImage+Ext.swift */,
				370F565229690ADE0092E594 /* UIColor+Ext.swift */,
				370F5673296994830092E594 /* UITableView+Ext.swift */,
				370F56752969990A0092E594 /* UILabel+Ext.swift */,
				370F567729699C5B0092E594 /* UIView+Ext.swift */,
			);
			path = Extension;
			sourceTree = "<group>";
		};
		370F565429690B9B0092E594 /* Controllers */ = {
			isa = PBXGroup;
			children = (
				370F56372967DF930092E594 /* BaseViewController.swift */,
				370F56472967EF8E0092E594 /* TabBarController.swift */,
				370F565629690BB80092E594 /* FriendsViewController.swift */,
			);
			path = Controllers;
			sourceTree = "<group>";
		};
		370F565C296910450092E594 /* Model */ = {
			isa = PBXGroup;
			children = (
				370F565829690F280092E594 /* User.swift */,
				370F565A29690FBC0092E594 /* Friend.swift */,
				370F565D2969116D0092E594 /* DataManager.swift */,
				370F566129691F950092E594 /* HTTPClient.swift */,
				370F5666296929D30092E594 /* Observable.swift */,
			);
			path = Model;
			sourceTree = "<group>";
		};
		370F56632969294C0092E594 /* ViewModel */ = {
			isa = PBXGroup;
			children = (
				370F56642969296C0092E594 /* FriendViewModel.swift */,
			);
			path = ViewModel;
			sourceTree = "<group>";
		};
		370F566A29698D3F0092E594 /* Cells */ = {
			isa = PBXGroup;
			children = (
				370F566D29698E860092E594 /* NoFriendsCell.swift */,
				370F566E29698E860092E594 /* NoFriendsCell.xib */,
			);
			path = Cells;
			sourceTree = "<group>";
		};
/* End PBXGroup section */

/* Begin PBXNativeTarget section */
		370F562F2967DF930092E594 /* KokoInterview */ = {
			isa = PBXNativeTarget;
			buildConfigurationList = 370F56442967DF940092E594 /* Build configuration list for PBXNativeTarget "KokoInterview" */;
			buildPhases = (
				370F562C2967DF930092E594 /* Sources */,
				370F562D2967DF930092E594 /* Frameworks */,
				370F562E2967DF930092E594 /* Resources */,
			);
			buildRules = (
			);
			dependencies = (
			);
			name = KokoInterview;
			productName = KokoInterview;
			productReference = 370F56302967DF930092E594 /* KokoInterview.app */;
			productType = "com.apple.product-type.application";
		};
/* End PBXNativeTarget section */

/* Begin PBXProject section */
		370F56282967DF930092E594 /* Project object */ = {
			isa = PBXProject;
			attributes = {
				BuildIndependentTargetsInParallel = 1;
				LastSwiftUpdateCheck = 1410;
				LastUpgradeCheck = 1410;
				TargetAttributes = {
					370F562F2967DF930092E594 = {
						CreatedOnToolsVersion = 14.1;
					};
				};
			};
			buildConfigurationList = 370F562B2967DF930092E594 /* Build configuration list for PBXProject "KokoInterview" */;
			compatibilityVersion = "Xcode 14.0";
			developmentRegion = en;
			hasScannedForEncodings = 0;
			knownRegions = (
				en,
				Base,
			);
			mainGroup = 370F56272967DF930092E594;
			productRefGroup = 370F56312967DF930092E594 /* Products */;
			projectDirPath = "";
			projectRoot = "";
			targets = (
				370F562F2967DF930092E594 /* KokoInterview */,
			);
		};
/* End PBXProject section */

/* Begin PBXResourcesBuildPhase section */
		370F562E2967DF930092E594 /* Resources */ = {
			isa = PBXResourcesBuildPhase;
			buildActionMask = 2147483647;
			files = (
				370F56402967DF940092E594 /* LaunchScreen.storyboard in Resources */,
				370F563D2967DF940092E594 /* Assets.xcassets in Resources */,
				370F567029698E860092E594 /* NoFriendsCell.xib in Resources */,
				370F563B2967DF930092E594 /* Main.storyboard in Resources */,
			);
			runOnlyForDeploymentPostprocessing = 0;
		};
/* End PBXResourcesBuildPhase section */

/* Begin PBXSourcesBuildPhase section */
		370F562C2967DF930092E594 /* Sources */ = {
			isa = PBXSourcesBuildPhase;
			buildActionMask = 2147483647;
			files = (
				370F567829699C5B0092E594 /* UIView+Ext.swift in Sources */,
				370F5674296994830092E594 /* UITableView+Ext.swift in Sources */,
				370F5667296929D30092E594 /* Observable.swift in Sources */,
				370F56482967EF8E0092E594 /* TabBarController.swift in Sources */,
				370F566229691F950092E594 /* HTTPClient.swift in Sources */,
				370F565E2969116D0092E594 /* DataManager.swift in Sources */,
				370F56382967DF930092E594 /* BaseViewController.swift in Sources */,
				370F56512967FB530092E594 /* UIImage+Ext.swift in Sources */,
				370F566F29698E860092E594 /* NoFriendsCell.swift in Sources */,
				370F565329690ADE0092E594 /* UIColor+Ext.swift in Sources */,
				370F565929690F280092E594 /* User.swift in Sources */,
				370F565729690BB80092E594 /* FriendsViewController.swift in Sources */,
				370F56652969296C0092E594 /* FriendViewModel.swift in Sources */,
				370F56762969990A0092E594 /* UILabel+Ext.swift in Sources */,
				370F565B29690FBC0092E594 /* Friend.swift in Sources */,
				370F56342967DF930092E594 /* AppDelegate.swift in Sources */,
				370F56362967DF930092E594 /* SceneDelegate.swift in Sources */,
			);
			runOnlyForDeploymentPostprocessing = 0;
		};
/* End PBXSourcesBuildPhase section */

/* Begin PBXVariantGroup section */
		370F56392967DF930092E594 /* Main.storyboard */ = {
			isa = PBXVariantGroup;
			children = (
				370F563A2967DF930092E594 /* Base */,
			);
			name = Main.storyboard;
			sourceTree = "<group>";
		};
		370F563E2967DF940092E594 /* LaunchScreen.storyboard */ = {
			isa = PBXVariantGroup;
			children = (
				370F563F2967DF940092E594 /* Base */,
			);
			name = LaunchScreen.storyboard;
			sourceTree = "<group>";
		};
/* End PBXVariantGroup section */

/* Begin XCBuildConfiguration section */
		370F56422967DF940092E594 /* Debug */ = {
			isa = XCBuildConfiguration;
			buildSettings = {
				ALWAYS_SEARCH_USER_PATHS = NO;
				CLANG_ANALYZER_NONNULL = YES;
				CLANG_ANALYZER_NUMBER_OBJECT_CONVERSION = YES_AGGRESSIVE;
				CLANG_CXX_LANGUAGE_STANDARD = "gnu++20";
				CLANG_ENABLE_MODULES = YES;
				CLANG_ENABLE_OBJC_ARC = YES;
				CLANG_ENABLE_OBJC_WEAK = YES;
				CLANG_WARN_BLOCK_CAPTURE_AUTORELEASING = YES;
				CLANG_WARN_BOOL_CONVERSION = YES;
				CLANG_WARN_COMMA = YES;
				CLANG_WARN_CONSTANT_CONVERSION = YES;
				CLANG_WARN_DEPRECATED_OBJC_IMPLEMENTATIONS = YES;
				CLANG_WARN_DIRECT_OBJC_ISA_USAGE = YES_ERROR;
				CLANG_WARN_DOCUMENTATION_COMMENTS = YES;
				CLANG_WARN_EMPTY_BODY = YES;
				CLANG_WARN_ENUM_CONVERSION = YES;
				CLANG_WARN_INFINITE_RECURSION = YES;
				CLANG_WARN_INT_CONVERSION = YES;
				CLANG_WARN_NON_LITERAL_NULL_CONVERSION = YES;
				CLANG_WARN_OBJC_IMPLICIT_RETAIN_SELF = YES;
				CLANG_WARN_OBJC_LITERAL_CONVERSION = YES;
				CLANG_WARN_OBJC_ROOT_CLASS = YES_ERROR;
				CLANG_WARN_QUOTED_INCLUDE_IN_FRAMEWORK_HEADER = YES;
				CLANG_WARN_RANGE_LOOP_ANALYSIS = YES;
				CLANG_WARN_STRICT_PROTOTYPES = YES;
				CLANG_WARN_SUSPICIOUS_MOVE = YES;
				CLANG_WARN_UNGUARDED_AVAILABILITY = YES_AGGRESSIVE;
				CLANG_WARN_UNREACHABLE_CODE = YES;
				CLANG_WARN__DUPLICATE_METHOD_MATCH = YES;
				COPY_PHASE_STRIP = NO;
				DEBUG_INFORMATION_FORMAT = dwarf;
				ENABLE_STRICT_OBJC_MSGSEND = YES;
				ENABLE_TESTABILITY = YES;
				GCC_C_LANGUAGE_STANDARD = gnu11;
				GCC_DYNAMIC_NO_PIC = NO;
				GCC_NO_COMMON_BLOCKS = YES;
				GCC_OPTIMIZATION_LEVEL = 0;
				GCC_PREPROCESSOR_DEFINITIONS = (
					"DEBUG=1",
					"$(inherited)",
				);
				GCC_WARN_64_TO_32_BIT_CONVERSION = YES;
				GCC_WARN_ABOUT_RETURN_TYPE = YES_ERROR;
				GCC_WARN_UNDECLARED_SELECTOR = YES;
				GCC_WARN_UNINITIALIZED_AUTOS = YES_AGGRESSIVE;
				GCC_WARN_UNUSED_FUNCTION = YES;
				GCC_WARN_UNUSED_VARIABLE = YES;
				IPHONEOS_DEPLOYMENT_TARGET = 16.1;
				MTL_ENABLE_DEBUG_INFO = INCLUDE_SOURCE;
				MTL_FAST_MATH = YES;
				ONLY_ACTIVE_ARCH = YES;
				SDKROOT = iphoneos;
				SWIFT_ACTIVE_COMPILATION_CONDITIONS = DEBUG;
				SWIFT_OPTIMIZATION_LEVEL = "-Onone";
			};
			name = Debug;
		};
		370F56432967DF940092E594 /* Release */ = {
			isa = XCBuildConfiguration;
			buildSettings = {
				ALWAYS_SEARCH_USER_PATHS = NO;
				CLANG_ANALYZER_NONNULL = YES;
				CLANG_ANALYZER_NUMBER_OBJECT_CONVERSION = YES_AGGRESSIVE;
				CLANG_CXX_LANGUAGE_STANDARD = "gnu++20";
				CLANG_ENABLE_MODULES = YES;
				CLANG_ENABLE_OBJC_ARC = YES;
				CLANG_ENABLE_OBJC_WEAK = YES;
				CLANG_WARN_BLOCK_CAPTURE_AUTORELEASING = YES;
				CLANG_WARN_BOOL_CONVERSION = YES;
				CLANG_WARN_COMMA = YES;
				CLANG_WARN_CONSTANT_CONVERSION = YES;
				CLANG_WARN_DEPRECATED_OBJC_IMPLEMENTATIONS = YES;
				CLANG_WARN_DIRECT_OBJC_ISA_USAGE = YES_ERROR;
				CLANG_WARN_DOCUMENTATION_COMMENTS = YES;
				CLANG_WARN_EMPTY_BODY = YES;
				CLANG_WARN_ENUM_CONVERSION = YES;
				CLANG_WARN_INFINITE_RECURSION = YES;
				CLANG_WARN_INT_CONVERSION = YES;
				CLANG_WARN_NON_LITERAL_NULL_CONVERSION = YES;
				CLANG_WARN_OBJC_IMPLICIT_RETAIN_SELF = YES;
				CLANG_WARN_OBJC_LITERAL_CONVERSION = YES;
				CLANG_WARN_OBJC_ROOT_CLASS = YES_ERROR;
				CLANG_WARN_QUOTED_INCLUDE_IN_FRAMEWORK_HEADER = YES;
				CLANG_WARN_RANGE_LOOP_ANALYSIS = YES;
				CLANG_WARN_STRICT_PROTOTYPES = YES;
				CLANG_WARN_SUSPICIOUS_MOVE = YES;
				CLANG_WARN_UNGUARDED_AVAILABILITY = YES_AGGRESSIVE;
				CLANG_WARN_UNREACHABLE_CODE = YES;
				CLANG_WARN__DUPLICATE_METHOD_MATCH = YES;
				COPY_PHASE_STRIP = NO;
				DEBUG_INFORMATION_FORMAT = "dwarf-with-dsym";
				ENABLE_NS_ASSERTIONS = NO;
				ENABLE_STRICT_OBJC_MSGSEND = YES;
				GCC_C_LANGUAGE_STANDARD = gnu11;
				GCC_NO_COMMON_BLOCKS = YES;
				GCC_WARN_64_TO_32_BIT_CONVERSION = YES;
				GCC_WARN_ABOUT_RETURN_TYPE = YES_ERROR;
				GCC_WARN_UNDECLARED_SELECTOR = YES;
				GCC_WARN_UNINITIALIZED_AUTOS = YES_AGGRESSIVE;
				GCC_WARN_UNUSED_FUNCTION = YES;
				GCC_WARN_UNUSED_VARIABLE = YES;
				IPHONEOS_DEPLOYMENT_TARGET = 16.1;
				MTL_ENABLE_DEBUG_INFO = NO;
				MTL_FAST_MATH = YES;
				SDKROOT = iphoneos;
				SWIFT_COMPILATION_MODE = wholemodule;
				SWIFT_OPTIMIZATION_LEVEL = "-O";
				VALIDATE_PRODUCT = YES;
			};
			name = Release;
		};
		370F56452967DF940092E594 /* Debug */ = {
			isa = XCBuildConfiguration;
			buildSettings = {
				ASSETCATALOG_COMPILER_APPICON_NAME = AppIcon;
				ASSETCATALOG_COMPILER_GLOBAL_ACCENT_COLOR_NAME = AccentColor;
				CODE_SIGN_STYLE = Automatic;
				CURRENT_PROJECT_VERSION = 1;
				DEVELOPMENT_TEAM = PDRVZ7DT2S;
				GENERATE_INFOPLIST_FILE = YES;
				INFOPLIST_FILE = KokoInterview/Info.plist;
				INFOPLIST_KEY_UIApplicationSupportsIndirectInputEvents = YES;
				INFOPLIST_KEY_UILaunchStoryboardName = LaunchScreen;
				INFOPLIST_KEY_UIMainStoryboardFile = Main;
				INFOPLIST_KEY_UISupportedInterfaceOrientations_iPad = "UIInterfaceOrientationPortrait UIInterfaceOrientationPortraitUpsideDown UIInterfaceOrientationLandscapeLeft UIInterfaceOrientationLandscapeRight";
				INFOPLIST_KEY_UISupportedInterfaceOrientations_iPhone = "UIInterfaceOrientationPortrait UIInterfaceOrientationLandscapeLeft UIInterfaceOrientationLandscapeRight";
				LD_RUNPATH_SEARCH_PATHS = (
					"$(inherited)",
					"@executable_path/Frameworks",
				);
				MARKETING_VERSION = 1.0;
				PRODUCT_BUNDLE_IDENTIFIER = com.jessica.KokoInterview;
				PRODUCT_NAME = "$(TARGET_NAME)";
				SWIFT_EMIT_LOC_STRINGS = YES;
				SWIFT_VERSION = 5.0;
				TARGETED_DEVICE_FAMILY = "1,2";
			};
			name = Debug;
		};
		370F56462967DF940092E594 /* Release */ = {
			isa = XCBuildConfiguration;
			buildSettings = {
				ASSETCATALOG_COMPILER_APPICON_NAME = AppIcon;
				ASSETCATALOG_COMPILER_GLOBAL_ACCENT_COLOR_NAME = AccentColor;
				CODE_SIGN_STYLE = Automatic;
				CURRENT_PROJECT_VERSION = 1;
				DEVELOPMENT_TEAM = PDRVZ7DT2S;
				GENERATE_INFOPLIST_FILE = YES;
				INFOPLIST_FILE = KokoInterview/Info.plist;
				INFOPLIST_KEY_UIApplicationSupportsIndirectInputEvents = YES;
				INFOPLIST_KEY_UILaunchStoryboardName = LaunchScreen;
				INFOPLIST_KEY_UIMainStoryboardFile = Main;
				INFOPLIST_KEY_UISupportedInterfaceOrientations_iPad = "UIInterfaceOrientationPortrait UIInterfaceOrientationPortraitUpsideDown UIInterfaceOrientationLandscapeLeft UIInterfaceOrientationLandscapeRight";
				INFOPLIST_KEY_UISupportedInterfaceOrientations_iPhone = "UIInterfaceOrientationPortrait UIInterfaceOrientationLandscapeLeft UIInterfaceOrientationLandscapeRight";
				LD_RUNPATH_SEARCH_PATHS = (
					"$(inherited)",
					"@executable_path/Frameworks",
				);
				MARKETING_VERSION = 1.0;
				PRODUCT_BUNDLE_IDENTIFIER = com.jessica.KokoInterview;
				PRODUCT_NAME = "$(TARGET_NAME)";
				SWIFT_EMIT_LOC_STRINGS = YES;
				SWIFT_VERSION = 5.0;
				TARGETED_DEVICE_FAMILY = "1,2";
			};
			name = Release;
		};
/* End XCBuildConfiguration section */

/* Begin XCConfigurationList section */
		370F562B2967DF930092E594 /* Build configuration list for PBXProject "KokoInterview" */ = {
			isa = XCConfigurationList;
			buildConfigurations = (
				370F56422967DF940092E594 /* Debug */,
				370F56432967DF940092E594 /* Release */,
			);
			defaultConfigurationIsVisible = 0;
			defaultConfigurationName = Release;
		};
		370F56442967DF940092E594 /* Build configuration list for PBXNativeTarget "KokoInterview" */ = {
			isa = XCConfigurationList;
			buildConfigurations = (
				370F56452967DF940092E594 /* Debug */,
				370F56462967DF940092E594 /* Release */,
			);
			defaultConfigurationIsVisible = 0;
			defaultConfigurationName = Release;
		};
/* End XCConfigurationList section */
	};
	rootObject = 370F56282967DF930092E594 /* Project object */;
}
